
Microsoft Visual Studio Solution File, Format Version 12.00
# Visual Studio Version 17
VisualStudioVersion = 17.1.32319.34
MinimumVisualStudioVersion = 10.0.40219.1
Project("{2150E333-8FDC-42A3-9474-1A3956D46DE8}") = "01 - Testes de Unidade", "01 - Testes de Unidade", "{7B3D56CD-6D2E-4DEB-BB08-4592F64AFE68}"
EndProject
Project("{2150E333-8FDC-42A3-9474-1A3956D46DE8}") = "1.1 - Testes Básicos", "1.1 - Testes Básicos", "{6CE703B2-9FAE-4057-A1A2-14626AD26AA2}"
EndProject
Project("{9A19103F-16F7-4668-BE54-9A1E7A4F7556}") = "Demo", "01 - Testes de Unidade\Demo\Demo.csproj", "{B2C58B5F-1F7B-4E36-A438-C67B8473CE53}"
EndProject
Project("{9A19103F-16F7-4668-BE54-9A1E7A4F7556}") = "Demo.Tests", "01 - Testes de Unidade\Demo.Tests\Demo.Tests.csproj", "{24DA00C4-08A7-43CB-B46F-CE0EE3BFB44F}"
EndProject
Project("{2150E333-8FDC-42A3-9474-1A3956D46DE8}") = "1.2 - Features", "1.2 - Features", "{0C70099F-BE36-4975-8139-2B682E42549A}"
EndProject
Project("{9A19103F-16F7-4668-BE54-9A1E7A4F7556}") = "Features", "01 - Testes de Unidade\Features\Features.csproj", "{EF50F99F-9A02-45E1-A487-2FF575749618}"
EndProject
Project("{FAE04EC0-301F-11D3-BF4B-00C04F79EFBC}") = "Features.Tests", "01 - Testes de Unidade\Features.Tests\Features.Tests.csproj", "{A3601FEC-E388-427F-ACFC-4568943950B1}"
EndProject
Global
	GlobalSection(SolutionConfigurationPlatforms) = preSolution
		Debug|Any CPU = Debug|Any CPU
		Release|Any CPU = Release|Any CPU
	EndGlobalSection
	GlobalSection(ProjectConfigurationPlatforms) = postSolution
		{B2C58B5F-1F7B-4E36-A438-C67B8473CE53}.Debug|Any CPU.ActiveCfg = Debug|Any CPU
		{B2C58B5F-1F7B-4E36-A438-C67B8473CE53}.Debug|Any CPU.Build.0 = Debug|Any CPU
		{B2C58B5F-1F7B-4E36-A438-C67B8473CE53}.Release|Any CPU.ActiveCfg = Release|Any CPU
		{B2C58B5F-1F7B-4E36-A438-C67B8473CE53}.Release|Any CPU.Build.0 = Release|Any CPU
		{24DA00C4-08A7-43CB-B46F-CE0EE3BFB44F}.Debug|Any CPU.ActiveCfg = Debug|Any CPU
		{24DA00C4-08A7-43CB-B46F-CE0EE3BFB44F}.Debug|Any CPU.Build.0 = Debug|Any CPU
		{24DA00C4-08A7-43CB-B46F-CE0EE3BFB44F}.Release|Any CPU.ActiveCfg = Release|Any CPU
		{24DA00C4-08A7-43CB-B46F-CE0EE3BFB44F}.Release|Any CPU.Build.0 = Release|Any CPU
		{EF50F99F-9A02-45E1-A487-2FF575749618}.Debug|Any CPU.ActiveCfg = Debug|Any CPU
		{EF50F99F-9A02-45E1-A487-2FF575749618}.Debug|Any CPU.Build.0 = Debug|Any CPU
		{EF50F99F-9A02-45E1-A487-2FF575749618}.Release|Any CPU.ActiveCfg = Release|Any CPU
		{EF50F99F-9A02-45E1-A487-2FF575749618}.Release|Any CPU.Build.0 = Release|Any CPU
		{A3601FEC-E388-427F-ACFC-4568943950B1}.Debug|Any CPU.ActiveCfg = Debug|Any CPU
		{A3601FEC-E388-427F-ACFC-4568943950B1}.Debug|Any CPU.Build.0 = Debug|Any CPU
		{A3601FEC-E388-427F-ACFC-4568943950B1}.Release|Any CPU.ActiveCfg = Release|Any CPU
		{A3601FEC-E388-427F-ACFC-4568943950B1}.Release|Any CPU.Build.0 = Release|Any CPU
	EndGlobalSection
	GlobalSection(SolutionProperties) = preSolution
		HideSolutionNode = FALSE
	EndGlobalSection
	GlobalSection(NestedProjects) = preSolution
		{6CE703B2-9FAE-4057-A1A2-14626AD26AA2} = {7B3D56CD-6D2E-4DEB-BB08-4592F64AFE68}
		{B2C58B5F-1F7B-4E36-A438-C67B8473CE53} = {6CE703B2-9FAE-4057-A1A2-14626AD26AA2}
		{24DA00C4-08A7-43CB-B46F-CE0EE3BFB44F} = {6CE703B2-9FAE-4057-A1A2-14626AD26AA2}
		{0C70099F-BE36-4975-8139-2B682E42549A} = {7B3D56CD-6D2E-4DEB-BB08-4592F64AFE68}
		{EF50F99F-9A02-45E1-A487-2FF575749618} = {0C70099F-BE36-4975-8139-2B682E42549A}
		{A3601FEC-E388-427F-ACFC-4568943950B1} = {0C70099F-BE36-4975-8139-2B682E42549A}
	EndGlobalSection
	GlobalSection(ExtensibilityGlobals) = postSolution
		SolutionGuid = {F38D7329-99D0-4D32-BE2F-07D798B9B122}
	EndGlobalSection
EndGlobal
